
Microsoft Visual Studio Solution File, Format Version 12.00
# Visual Studio Version 17
VisualStudioVersion = 17.5.33424.131
MinimumVisualStudioVersion = 10.0.40219.1
Project("{FAE04EC0-301F-11D3-BF4B-00C04F79EFBC}") = "webapp2two", "webapp2two\webapp2two.csproj", "{0A60C4AD-2831-409B-88A9-1C9A1F3D240D}"
EndProject
Global
	GlobalSection(SolutionConfigurationPlatforms) = preSolution
		Debug|Any CPU = Debug|Any CPU
		Release|Any CPU = Release|Any CPU
	EndGlobalSection
	GlobalSection(ProjectConfigurationPlatforms) = postSolution
		{0A60C4AD-2831-409B-88A9-1C9A1F3D240D}.Debug|Any CPU.ActiveCfg = Debug|Any CPU
		{0A60C4AD-2831-409B-88A9-1C9A1F3D240D}.Debug|Any CPU.Build.0 = Debug|Any CPU
		{0A60C4AD-2831-409B-88A9-1C9A1F3D240D}.Release|Any CPU.ActiveCfg = Release|Any CPU
		{0A60C4AD-2831-409B-88A9-1C9A1F3D240D}.Release|Any CPU.Build.0 = Release|Any CPU
	EndGlobalSection
	GlobalSection(SolutionProperties) = preSolution
		HideSolutionNode = FALSE
	EndGlobalSection
	GlobalSection(ExtensibilityGlobals) = postSolution
		SolutionGuid = {441E15B6-4DEC-4912-89E1-CEC87BB3B921}
	EndGlobalSection
EndGlobal
